// !$*UTF8*$!
{
	archiveVersion = 1;
	classes = {
	};
	objectVersion = 46;
	objects = {

/* Begin PBXBuildFile section */
		37714EF31B02BA2A002D0EF4 /* AppDelegate.swift in Sources */ = {isa = PBXBuildFile; fileRef = 37714EF21B02BA2A002D0EF4 /* AppDelegate.swift */; };
		37714EF51B02BA2A002D0EF4 /* StartRecordViewController.swift in Sources */ = {isa = PBXBuildFile; fileRef = 37714EF41B02BA2A002D0EF4 /* StartRecordViewController.swift */; };
		37714EF81B02BA2A002D0EF4 /* Main.storyboard in Resources */ = {isa = PBXBuildFile; fileRef = 37714EF61B02BA2A002D0EF4 /* Main.storyboard */; };
		37714EFA1B02BA2A002D0EF4 /* Images.xcassets in Resources */ = {isa = PBXBuildFile; fileRef = 37714EF91B02BA2A002D0EF4 /* Images.xcassets */; };
		37714EFD1B02BA2A002D0EF4 /* LaunchScreen.xib in Resources */ = {isa = PBXBuildFile; fileRef = 37714EFB1B02BA2A002D0EF4 /* LaunchScreen.xib */; };
		37714F091B02BA2A002D0EF4 /* Pitch_PerfectTests.swift in Sources */ = {isa = PBXBuildFile; fileRef = 37714F081B02BA2A002D0EF4 /* Pitch_PerfectTests.swift */; };
		37D358411B04F935006C62CB /* RecordedAudio.swift in Sources */ = {isa = PBXBuildFile; fileRef = 37D358401B04F935006C62CB /* RecordedAudio.swift */; };
		37E349621B043428006C1EC3 /* PlaySoundsViewController.swift in Sources */ = {isa = PBXBuildFile; fileRef = 37E349611B043428006C1EC3 /* PlaySoundsViewController.swift */; };
		37E349691B0463DA006C1EC3 /* movie_quote.mp3 in Resources */ = {isa = PBXBuildFile; fileRef = 37E349681B0463DA006C1EC3 /* movie_quote.mp3 */; };
/* End PBXBuildFile section */

/* Begin PBXContainerItemProxy section */
		37714F031B02BA2A002D0EF4 /* PBXContainerItemProxy */ = {
			isa = PBXContainerItemProxy;
			containerPortal = 37714EE51B02BA2A002D0EF4 /* Project object */;
			proxyType = 1;
			remoteGlobalIDString = 37714EEC1B02BA2A002D0EF4;
			remoteInfo = "Pitch Perfect";
		};
/* End PBXContainerItemProxy section */

/* Begin PBXFileReference section */
		37714EED1B02BA2A002D0EF4 /* Pitch Perfect.app */ = {isa = PBXFileReference; explicitFileType = wrapper.application; includeInIndex = 0; path = "Pitch Perfect.app"; sourceTree = BUILT_PRODUCTS_DIR; };
		37714EF11B02BA2A002D0EF4 /* Info.plist */ = {isa = PBXFileReference; lastKnownFileType = text.plist.xml; path = Info.plist; sourceTree = "<group>"; };
		37714EF21B02BA2A002D0EF4 /* AppDelegate.swift */ = {isa = PBXFileReference; lastKnownFileType = sourcecode.swift; path = AppDelegate.swift; sourceTree = "<group>"; };
		37714EF41B02BA2A002D0EF4 /* StartRecordViewController.swift */ = {isa = PBXFileReference; lastKnownFileType = sourcecode.swift; path = StartRecordViewController.swift; sourceTree = "<group>"; };
		37714EF71B02BA2A002D0EF4 /* Base */ = {isa = PBXFileReference; lastKnownFileType = file.storyboard; name = Base; path = Base.lproj/Main.storyboard; sourceTree = "<group>"; };
		37714EF91B02BA2A002D0EF4 /* Images.xcassets */ = {isa = PBXFileReference; lastKnownFileType = folder.assetcatalog; path = Images.xcassets; sourceTree = "<group>"; };
		37714EFC1B02BA2A002D0EF4 /* Base */ = {isa = PBXFileReference; lastKnownFileType = file.xib; name = Base; path = Base.lproj/LaunchScreen.xib; sourceTree = "<group>"; };
		37714F021B02BA2A002D0EF4 /* Pitch PerfectTests.xctest */ = {isa = PBXFileReference; explicitFileType = wrapper.cfbundle; includeInIndex = 0; path = "Pitch PerfectTests.xctest"; sourceTree = BUILT_PRODUCTS_DIR; };
		37714F071B02BA2A002D0EF4 /* Info.plist */ = {isa = PBXFileReference; lastKnownFileType = text.plist.xml; path = Info.plist; sourceTree = "<group>"; };
		37714F081B02BA2A002D0EF4 /* Pitch_PerfectTests.swift */ = {isa = PBXFileReference; lastKnownFileType = sourcecode.swift; path = Pitch_PerfectTests.swift; sourceTree = "<group>"; };
		37D358401B04F935006C62CB /* RecordedAudio.swift */ = {isa = PBXFileReference; fileEncoding = 4; lastKnownFileType = sourcecode.swift; path = RecordedAudio.swift; sourceTree = "<group>"; };
		37E349611B043428006C1EC3 /* PlaySoundsViewController.swift */ = {isa = PBXFileReference; fileEncoding = 4; lastKnownFileType = sourcecode.swift; path = PlaySoundsViewController.swift; sourceTree = "<group>"; };
		37E349681B0463DA006C1EC3 /* movie_quote.mp3 */ = {isa = PBXFileReference; lastKnownFileType = audio.mp3; path = movie_quote.mp3; sourceTree = "<group>"; };
/* End PBXFileReference section */

/* Begin PBXFrameworksBuildPhase section */
		37714EEA1B02BA2A002D0EF4 /* Frameworks */ = {
			isa = PBXFrameworksBuildPhase;
			buildActionMask = 2147483647;
			files = (
			);
			runOnlyForDeploymentPostprocessing = 0;
		};
		37714EFF1B02BA2A002D0EF4 /* Frameworks */ = {
			isa = PBXFrameworksBuildPhase;
			buildActionMask = 2147483647;
			files = (
			);
			runOnlyForDeploymentPostprocessing = 0;
		};
/* End PBXFrameworksBuildPhase section */

/* Begin PBXGroup section */
		37714EE41B02BA2A002D0EF4 = {
			isa = PBXGroup;
			children = (
				37714EEF1B02BA2A002D0EF4 /* Pitch Perfect */,
				37714F051B02BA2A002D0EF4 /* Pitch PerfectTests */,
				37714EEE1B02BA2A002D0EF4 /* Products */,
			);
			sourceTree = "<group>";
		};
		37714EEE1B02BA2A002D0EF4 /* Products */ = {
			isa = PBXGroup;
			children = (
				37714EED1B02BA2A002D0EF4 /* Pitch Perfect.app */,
				37714F021B02BA2A002D0EF4 /* Pitch PerfectTests.xctest */,
			);
			name = Products;
			sourceTree = "<group>";
		};
		37714EEF1B02BA2A002D0EF4 /* Pitch Perfect */ = {
			isa = PBXGroup;
			children = (
				37714EF21B02BA2A002D0EF4 /* AppDelegate.swift */,
				37714EF41B02BA2A002D0EF4 /* StartRecordViewController.swift */,
				37714EF61B02BA2A002D0EF4 /* Main.storyboard */,
				37D358401B04F935006C62CB /* RecordedAudio.swift */,
				37714EF91B02BA2A002D0EF4 /* Images.xcassets */,
				37714EFB1B02BA2A002D0EF4 /* LaunchScreen.xib */,
				37714EF01B02BA2A002D0EF4 /* Supporting Files */,
				37E349611B043428006C1EC3 /* PlaySoundsViewController.swift */,
			);
			path = "Pitch Perfect";
			sourceTree = "<group>";
		};
		37714EF01B02BA2A002D0EF4 /* Supporting Files */ = {
			isa = PBXGroup;
			children = (
				37E349681B0463DA006C1EC3 /* movie_quote.mp3 */,
				37714EF11B02BA2A002D0EF4 /* Info.plist */,
			);
			name = "Supporting Files";
			sourceTree = "<group>";
		};
		37714F051B02BA2A002D0EF4 /* Pitch PerfectTests */ = {
			isa = PBXGroup;
			children = (
				37714F081B02BA2A002D0EF4 /* Pitch_PerfectTests.swift */,
				37714F061B02BA2A002D0EF4 /* Supporting Files */,
			);
			path = "Pitch PerfectTests";
			sourceTree = "<group>";
		};
		37714F061B02BA2A002D0EF4 /* Supporting Files */ = {
			isa = PBXGroup;
			children = (
				37714F071B02BA2A002D0EF4 /* Info.plist */,
			);
			name = "Supporting Files";
			sourceTree = "<group>";
		};
/* End PBXGroup section */

/* Begin PBXNativeTarget section */
		37714EEC1B02BA2A002D0EF4 /* Pitch Perfect */ = {
			isa = PBXNativeTarget;
			buildConfigurationList = 37714F0C1B02BA2A002D0EF4 /* Build configuration list for PBXNativeTarget "Pitch Perfect" */;
			buildPhases = (
				37714EE91B02BA2A002D0EF4 /* Sources */,
				37714EEA1B02BA2A002D0EF4 /* Frameworks */,
				37714EEB1B02BA2A002D0EF4 /* Resources */,
			);
			buildRules = (
			);
			dependencies = (
			);
			name = "Pitch Perfect";
			productName = "Pitch Perfect";
			productReference = 37714EED1B02BA2A002D0EF4 /* Pitch Perfect.app */;
			productType = "com.apple.product-type.application";
		};
		37714F011B02BA2A002D0EF4 /* Pitch PerfectTests */ = {
			isa = PBXNativeTarget;
			buildConfigurationList = 37714F0F1B02BA2A002D0EF4 /* Build configuration list for PBXNativeTarget "Pitch PerfectTests" */;
			buildPhases = (
				37714EFE1B02BA2A002D0EF4 /* Sources */,
				37714EFF1B02BA2A002D0EF4 /* Frameworks */,
				37714F001B02BA2A002D0EF4 /* Resources */,
			);
			buildRules = (
			);
			dependencies = (
				37714F041B02BA2A002D0EF4 /* PBXTargetDependency */,
			);
			name = "Pitch PerfectTests";
			productName = "Pitch PerfectTests";
			productReference = 37714F021B02BA2A002D0EF4 /* Pitch PerfectTests.xctest */;
			productType = "com.apple.product-type.bundle.unit-test";
		};
/* End PBXNativeTarget section */

/* Begin PBXProject section */
		37714EE51B02BA2A002D0EF4 /* Project object */ = {
			isa = PBXProject;
			attributes = {
				LastUpgradeCheck = 0630;
				ORGANIZATIONNAME = codingvirtual;
				TargetAttributes = {
					37714EEC1B02BA2A002D0EF4 = {
						CreatedOnToolsVersion = 6.3.1;
					};
					37714F011B02BA2A002D0EF4 = {
						CreatedOnToolsVersion = 6.3.1;
						TestTargetID = 37714EEC1B02BA2A002D0EF4;
					};
				};
			};
			buildConfigurationList = 37714EE81B02BA2A002D0EF4 /* Build configuration list for PBXProject "Pitch Perfect" */;
			compatibilityVersion = "Xcode 3.2";
			developmentRegion = English;
			hasScannedForEncodings = 0;
			knownRegions = (
				en,
				Base,
			);
			mainGroup = 37714EE41B02BA2A002D0EF4;
			productRefGroup = 37714EEE1B02BA2A002D0EF4 /* Products */;
			projectDirPath = "";
			projectRoot = "";
			targets = (
				37714EEC1B02BA2A002D0EF4 /* Pitch Perfect */,
				37714F011B02BA2A002D0EF4 /* Pitch PerfectTests */,
			);
		};
/* End PBXProject section */

/* Begin PBXResourcesBuildPhase section */
		37714EEB1B02BA2A002D0EF4 /* Resources */ = {
			isa = PBXResourcesBuildPhase;
			buildActionMask = 2147483647;
			files = (
				37714EF81B02BA2A002D0EF4 /* Main.storyboard in Resources */,
				37714EFD1B02BA2A002D0EF4 /* LaunchScreen.xib in Resources */,
				37E349691B0463DA006C1EC3 /* movie_quote.mp3 in Resources */,
				37714EFA1B02BA2A002D0EF4 /* Images.xcassets in Resources */,
			);
			runOnlyForDeploymentPostprocessing = 0;
		};
		37714F001B02BA2A002D0EF4 /* Resources */ = {
			isa = PBXResourcesBuildPhase;
			buildActionMask = 2147483647;
			files = (
			);
			runOnlyForDeploymentPostprocessing = 0;
		};
/* End PBXResourcesBuildPhase section */

/* Begin PBXSourcesBuildPhase section */
		37714EE91B02BA2A002D0EF4 /* Sources */ = {
			isa = PBXSourcesBuildPhase;
			buildActionMask = 2147483647;
			files = (
				37D358411B04F935006C62CB /* RecordedAudio.swift in Sources */,
				37714EF51B02BA2A002D0EF4 /* StartRecordViewController.swift in Sources */,
				37E349621B043428006C1EC3 /* PlaySoundsViewController.swift in Sources */,
				37714EF31B02BA2A002D0EF4 /* AppDelegate.swift in Sources */,
			);
			runOnlyForDeploymentPostprocessing = 0;
		};
		37714EFE1B02BA2A002D0EF4 /* Sources */ = {
			isa = PBXSourcesBuildPhase;
			buildActionMask = 2147483647;
			files = (
				37714F091B02BA2A002D0EF4 /* Pitch_PerfectTests.swift in Sources */,
			);
			runOnlyForDeploymentPostprocessing = 0;
		};
/* End PBXSourcesBuildPhase section */

/* Begin PBXTargetDependency section */
		37714F041B02BA2A002D0EF4 /* PBXTargetDependency */ = {
			isa = PBXTargetDependency;
			target = 37714EEC1B02BA2A002D0EF4 /* Pitch Perfect */;
			targetProxy = 37714F031B02BA2A002D0EF4 /* PBXContainerItemProxy */;
		};
/* End PBXTargetDependency section */

/* Begin PBXVariantGroup section */
		37714EF61B02BA2A002D0EF4 /* Main.storyboard */ = {
			isa = PBXVariantGroup;
			children = (
				37714EF71B02BA2A002D0EF4 /* Base */,
			);
			name = Main.storyboard;
			sourceTree = "<group>";
		};
		37714EFB1B02BA2A002D0EF4 /* LaunchScreen.xib */ = {
			isa = PBXVariantGroup;
			children = (
				37714EFC1B02BA2A002D0EF4 /* Base */,
			);
			name = LaunchScreen.xib;
			sourceTree = "<group>";
		};
/* End PBXVariantGroup section */

/* Begin XCBuildConfiguration section */
		37714F0A1B02BA2A002D0EF4 /* Debug */ = {
			isa = XCBuildConfiguration;
			buildSettings = {
				ALWAYS_SEARCH_USER_PATHS = NO;
				CLANG_CXX_LANGUAGE_STANDARD = "gnu++0x";
				CLANG_CXX_LIBRARY = "libc++";
				CLANG_ENABLE_MODULES = YES;
				CLANG_ENABLE_OBJC_ARC = YES;
				CLANG_WARN_BOOL_CONVERSION = YES;
				CLANG_WARN_CONSTANT_CONVERSION = YES;
				CLANG_WARN_DIRECT_OBJC_ISA_USAGE = YES_ERROR;
				CLANG_WARN_EMPTY_BODY = YES;
				CLANG_WARN_ENUM_CONVERSION = YES;
				CLANG_WARN_INT_CONVERSION = YES;
				CLANG_WARN_OBJC_ROOT_CLASS = YES_ERROR;
				CLANG_WARN_UNREACHABLE_CODE = YES;
				CLANG_WARN__DUPLICATE_METHOD_MATCH = YES;
				"CODE_SIGN_IDENTITY[sdk=*]" = "iPhone Developer";
				COPY_PHASE_STRIP = NO;
				DEBUG_INFORMATION_FORMAT = "dwarf-with-dsym";
				ENABLE_STRICT_OBJC_MSGSEND = YES;
				GCC_C_LANGUAGE_STANDARD = gnu99;
				GCC_DYNAMIC_NO_PIC = NO;
				GCC_NO_COMMON_BLOCKS = YES;
				GCC_OPTIMIZATION_LEVEL = 0;
				GCC_PREPROCESSOR_DEFINITIONS = (
					"DEBUG=1",
					"$(inherited)",
				);
				GCC_SYMBOLS_PRIVATE_EXTERN = NO;
				GCC_WARN_64_TO_32_BIT_CONVERSION = YES;
				GCC_WARN_ABOUT_RETURN_TYPE = YES_ERROR;
				GCC_WARN_UNDECLARED_SELECTOR = YES;
				GCC_WARN_UNINITIALIZED_AUTOS = YES_AGGRESSIVE;
				GCC_WARN_UNUSED_FUNCTION = YES;
				GCC_WARN_UNUSED_VARIABLE = YES;
				IPHONEOS_DEPLOYMENT_TARGET = 7.1;
				MTL_ENABLE_DEBUG_INFO = YES;
				ONLY_ACTIVE_ARCH = YES;
				SDKROOT = iphoneos;
				SWIFT_OPTIMIZATION_LEVEL = "-Onone";
			};
			name = Debug;
		};
		37714F0B1B02BA2A002D0EF4 /* Release */ = {
			isa = XCBuildConfiguration;
			buildSettings = {
				ALWAYS_SEARCH_USER_PATHS = NO;
				CLANG_CXX_LANGUAGE_STANDARD = "gnu++0x";
				CLANG_CXX_LIBRARY = "libc++";
				CLANG_ENABLE_MODULES = YES;
				CLANG_ENABLE_OBJC_ARC = YES;
				CLANG_WARN_BOOL_CONVERSION = YES;
				CLANG_WARN_CONSTANT_CONVERSION = YES;
				CLANG_WARN_DIRECT_OBJC_ISA_USAGE = YES_ERROR;
				CLANG_WARN_EMPTY_BODY = YES;
				CLANG_WARN_ENUM_CONVERSION = YES;
				CLANG_WARN_INT_CONVERSION = YES;
				CLANG_WARN_OBJC_ROOT_CLASS = YES_ERROR;
				CLANG_WARN_UNREACHABLE_CODE = YES;
				CLANG_WARN__DUPLICATE_METHOD_MATCH = YES;
				"CODE_SIGN_IDENTITY[sdk=*]" = "iPhone Developer";
				COPY_PHASE_STRIP = NO;
				DEBUG_INFORMATION_FORMAT = "dwarf-with-dsym";
				ENABLE_NS_ASSERTIONS = NO;
				ENABLE_STRICT_OBJC_MSGSEND = YES;
				GCC_C_LANGUAGE_STANDARD = gnu99;
				GCC_NO_COMMON_BLOCKS = YES;
				GCC_WARN_64_TO_32_BIT_CONVERSION = YES;
				GCC_WARN_ABOUT_RETURN_TYPE = YES_ERROR;
				GCC_WARN_UNDECLARED_SELECTOR = YES;
				GCC_WARN_UNINITIALIZED_AUTOS = YES_AGGRESSIVE;
				GCC_WARN_UNUSED_FUNCTION = YES;
				GCC_WARN_UNUSED_VARIABLE = YES;
				IPHONEOS_DEPLOYMENT_TARGET = 7.1;
				MTL_ENABLE_DEBUG_INFO = NO;
				ONLY_ACTIVE_ARCH = YES;
				SDKROOT = iphoneos;
				VALIDATE_PRODUCT = YES;
			};
			name = Release;
		};
		37714F0D1B02BA2A002D0EF4 /* Debug */ = {
			isa = XCBuildConfiguration;
			buildSettings = {
				ASSETCATALOG_COMPILER_APPICON_NAME = AppIcon;
				CODE_SIGN_IDENTITY = "iPhone Developer";
				INFOPLIST_FILE = "Pitch Perfect/Info.plist";
				IPHONEOS_DEPLOYMENT_TARGET = 7.1;
				LD_RUNPATH_SEARCH_PATHS = "$(inherited) @executable_path/Frameworks";
				PRODUCT_NAME = "$(TARGET_NAME)";
				SDKROOT = iphoneos;
				TARGETED_DEVICE_FAMILY = 1;
				VALID_ARCHS = "armv7 arm64 armv7s";
			};
			name = Debug;
		};
		37714F0E1B02BA2A002D0EF4 /* Release */ = {
			isa = XCBuildConfiguration;
			buildSettings = {
				ASSETCATALOG_COMPILER_APPICON_NAME = AppIcon;
				CODE_SIGN_IDENTITY = "iPhone Developer";
				INFOPLIST_FILE = "Pitch Perfect/Info.plist";
				IPHONEOS_DEPLOYMENT_TARGET = 7.1;
				LD_RUNPATH_SEARCH_PATHS = "$(inherited) @executable_path/Frameworks";
				PRODUCT_NAME = "$(TARGET_NAME)";
				SDKROOT = iphoneos;
				TARGETED_DEVICE_FAMILY = 1;
				VALID_ARCHS = "armv7 arm64 armv7s";
			};
			name = Release;
		};
		37714F101B02BA2A002D0EF4 /* Debug */ = {
			isa = XCBuildConfiguration;
			buildSettings = {
				BUNDLE_LOADER = "$(TEST_HOST)";
				FRAMEWORK_SEARCH_PATHS = (
					"$(SDKROOT)/Developer/Library/Frameworks",
					"$(inherited)",
				);
				GCC_PREPROCESSOR_DEFINITIONS = (
					"DEBUG=1",
					"$(inherited)",
				);
				INFOPLIST_FILE = "Pitch PerfectTests/Info.plist";
				LD_RUNPATH_SEARCH_PATHS = "$(inherited) @executable_path/Frameworks @loader_path/Frameworks";
				PRODUCT_NAME = "$(TARGET_NAME)";
				TEST_HOST = "$(BUILT_PRODUCTS_DIR)/Pitch Perfect.app/Pitch Perfect";
			};
			name = Debug;
		};
		37714F111B02BA2A002D0EF4 /* Release */ = {
			isa = XCBuildConfiguration;
			buildSettings = {
				BUNDLE_LOADER = "$(TEST_HOST)";
				FRAMEWORK_SEARCH_PATHS = (
					"$(SDKROOT)/Developer/Library/Frameworks",
					"$(inherited)",
				);
				INFOPLIST_FILE = "Pitch PerfectTests/Info.plist";
				LD_RUNPATH_SEARCH_PATHS = "$(inherited) @executable_path/Frameworks @loader_path/Frameworks";
				PRODUCT_NAME = "$(TARGET_NAME)";
				TEST_HOST = "$(BUILT_PRODUCTS_DIR)/Pitch Perfect.app/Pitch Perfect";
			};
			name = Release;
		};
/* End XCBuildConfiguration section */

/* Begin XCConfigurationList section */
		37714EE81B02BA2A002D0EF4 /* Build configuration list for PBXProject "Pitch Perfect" */ = {
			isa = XCConfigurationList;
			buildConfigurations = (
				37714F0A1B02BA2A002D0EF4 /* Debug */,
				37714F0B1B02BA2A002D0EF4 /* Release */,
			);
			defaultConfigurationIsVisible = 0;
			defaultConfigurationName = Release;
		};
		37714F0C1B02BA2A002D0EF4 /* Build configuration list for PBXNativeTarget "Pitch Perfect" */ = {
			isa = XCConfigurationList;
			buildConfigurations = (
				37714F0D1B02BA2A002D0EF4 /* Debug */,
				37714F0E1B02BA2A002D0EF4 /* Release */,
			);
			defaultConfigurationIsVisible = 0;
			defaultConfigurationName = Release;
		};
		37714F0F1B02BA2A002D0EF4 /* Build configuration list for PBXNativeTarget "Pitch PerfectTests" */ = {
			isa = XCConfigurationList;
			buildConfigurations = (
				37714F101B02BA2A002D0EF4 /* Debug */,
				37714F111B02BA2A002D0EF4 /* Release */,
			);
			defaultConfigurationIsVisible = 0;
			defaultConfigurationName = Release;
		};
/* End XCConfigurationList section */
	};
	rootObject = 37714EE51B02BA2A002D0EF4 /* Project object */;
}
